github.com/Sudharsan-Deloitte-DBG/sukuna v0.0.0-20240512122054-03ca96eeffcf h1:enHhr/9o6YNoBJHphF3fjaSFaDGV7/UbjDbYjuw6WBw=
github.com/Sudharsan-Deloitte-DBG/sukuna v0.0.0-20240512122054-03ca96eeffcf/go.mod h1:9LuqiuLIseF6rjhtU2YqUSHOnn6L7S3kqVC/M4IJvM4=
github.com/Sudharsan-Deloitte-DBG/yuji v0.0.0-20240512123759-1441283a680b h1:lCPjhEWuwu5qtGeVTvI1KCZvmAV4T3F9iSUbj8eqS8A=
github.com/Sudharsan-Deloitte-DBG/yuji v0.0.0-20240512123759-1441283a680b/go.mod h1:l530fgTWVimNHxBmm7bsaYs6niMiRNENCZUY8PU0s1o=
github.com/Sudharsan-Deloitte-DBG/yuji v0.0.0-20240512130932-5d53448653ba h1:RJ6cXjLJ90Jf9+jjxGhBXQpfEhzYfNmZEYi3Fqi7kaw=
github.com/Sudharsan-Deloitte-DBG/yuji v0.0.0-20240512130932-5d53448653ba/go.mod h1:l530fgTWVimNHxBmm7bsaYs6niMiRNENCZUY8PU0s1o=
github.com/Sudharsan-Deloitte-DBG/yuji v1.1.0 h1:xmkRajt70ZSkHZ5G06afjR6fWXOeC1Z1Q6Le9XnkKGw=
github.com/Sudharsan-Deloitte-DBG/yuji v1.1.0/go.mod h1:l530fgTWVimNHxBmm7bsaYs6niMiRNENCZUY8PU0s1o=
