github.com/Sudharsan-Deloitte-DBG/sukuna v0.0.0-20240512122054-03ca96eeffcf h1:enHhr/9o6YNoBJHphF3fjaSFaDGV7/UbjDbYjuw6WBw=
github.com/Sudharsan-Deloitte-DBG/sukuna v0.0.0-20240512122054-03ca96eeffcf/go.mod h1:9LuqiuLIseF6rjhtU2YqUSHOnn6L7S3kqVC/M4IJvM4=
github.com/Sudharsan-Deloitte-DBG/yuji v0.0.0-20240512123759-1441283a680b h1:lCPjhEWuwu5qtGeVTvI1KCZvmAV4T3F9iSUbj8eqS8A=
github.com/Sudharsan-Deloitte-DBG/yuji v0.0.0-20240512123759-1441283a680b/go.mod h1:l530fgTWVimNHxBmm7bsaYs6niMiRNENCZUY8PU0s1o=
